
Microsoft Visual Studio Solution File, Format Version 12.00
# Visual Studio 15
VisualStudioVersion = 15.0.28010.2048
MinimumVisualStudioVersion = 10.0.40219.1
Project("{FAE04EC0-301F-11D3-BF4B-00C04F79EFBC}") = "MakeMGCB", "MakeMGCB\MakeMGCB.csproj", "{03E6AB96-D192-447D-B72E-B16A8171FC2A}"
EndProject
Global
	GlobalSection(SolutionConfigurationPlatforms) = preSolution
		Debug|Any CPU = Debug|Any CPU
		Release|Any CPU = Release|Any CPU
	EndGlobalSection
	GlobalSection(ProjectConfigurationPlatforms) = postSolution
		{03E6AB96-D192-447D-B72E-B16A8171FC2A}.Debug|Any CPU.ActiveCfg = Debug|Any CPU
		{03E6AB96-D192-447D-B72E-B16A8171FC2A}.Debug|Any CPU.Build.0 = Debug|Any CPU
		{03E6AB96-D192-447D-B72E-B16A8171FC2A}.Release|Any CPU.ActiveCfg = Release|Any CPU
		{03E6AB96-D192-447D-B72E-B16A8171FC2A}.Release|Any CPU.Build.0 = Release|Any CPU
	EndGlobalSection
	GlobalSection(SolutionProperties) = preSolution
		HideSolutionNode = FALSE
	EndGlobalSection
	GlobalSection(ExtensibilityGlobals) = postSolution
		SolutionGuid = {B94D4E36-A141-4603-B6A6-89C820038D35}
	EndGlobalSection
EndGlobal
